// !$*UTF8*$!
{
	archiveVersion = 1;
	classes = {
	};
	objectVersion = 56;
	objects = {

/* Begin PBXBuildFile section */
		FA711FD02948F54F00A45998 /* KeychainPoCApp.swift in Sources */ = {isa = PBXBuildFile; fileRef = FA711FCF2948F54F00A45998 /* KeychainPoCApp.swift */; };
		FA711FD22948F54F00A45998 /* ContentView.swift in Sources */ = {isa = PBXBuildFile; fileRef = FA711FD12948F54F00A45998 /* ContentView.swift */; };
		FA711FD42948F55000A45998 /* Assets.xcassets in Resources */ = {isa = PBXBuildFile; fileRef = FA711FD32948F55000A45998 /* Assets.xcassets */; };
		FA711FD72948F55000A45998 /* Preview Assets.xcassets in Resources */ = {isa = PBXBuildFile; fileRef = FA711FD62948F55000A45998 /* Preview Assets.xcassets */; };
		FA711FDF2948F59E00A45998 /* Keychain in Frameworks */ = {isa = PBXBuildFile; productRef = FA711FDE2948F59E00A45998 /* Keychain */; };
		FA711FE52948F68A00A45998 /* Screen.swift in Sources */ = {isa = PBXBuildFile; fileRef = FA711FE42948F68A00A45998 /* Screen.swift */; };
		FA711FE72948F6B400A45998 /* ContentViewModel.swift in Sources */ = {isa = PBXBuildFile; fileRef = FA711FE62948F6B400A45998 /* ContentViewModel.swift */; };
		FA711FEA2948F73E00A45998 /* PasswordsListView.swift in Sources */ = {isa = PBXBuildFile; fileRef = FA711FE92948F73E00A45998 /* PasswordsListView.swift */; };
		FA711FED2948F75100A45998 /* PasswordsListViewModel.swift in Sources */ = {isa = PBXBuildFile; fileRef = FA711FEC2948F75100A45998 /* PasswordsListViewModel.swift */; };
		FA711FEF2948F8A400A45998 /* PasswordsListCellView.swift in Sources */ = {isa = PBXBuildFile; fileRef = FA711FEE2948F8A400A45998 /* PasswordsListCellView.swift */; };
		FA711FF22948F90300A45998 /* PasswordView.swift in Sources */ = {isa = PBXBuildFile; fileRef = FA711FF12948F90300A45998 /* PasswordView.swift */; };
		FA711FF42948F91B00A45998 /* PasswordViewModel.swift in Sources */ = {isa = PBXBuildFile; fileRef = FA711FF32948F91B00A45998 /* PasswordViewModel.swift */; };
		FA711FF72948FA6000A45998 /* CreatePasswordView.swift in Sources */ = {isa = PBXBuildFile; fileRef = FA711FF62948FA6000A45998 /* CreatePasswordView.swift */; };
		FA711FF92948FA7700A45998 /* CreatePasswordViewModel.swift in Sources */ = {isa = PBXBuildFile; fileRef = FA711FF82948FA7700A45998 /* CreatePasswordViewModel.swift */; };
		FA711FFA294900CE00A45998 /* Keychain in Embed Frameworks */ = {isa = PBXBuildFile; productRef = FA711FDE2948F59E00A45998 /* Keychain */; };
/* End PBXBuildFile section */

/* Begin PBXCopyFilesBuildPhase section */
		FA711FFB294900CE00A45998 /* Embed Frameworks */ = {
			isa = PBXCopyFilesBuildPhase;
			buildActionMask = 2147483647;
			dstPath = "";
			dstSubfolderSpec = 10;
			files = (
				FA711FFA294900CE00A45998 /* Keychain in Embed Frameworks */,
			);
			name = "Embed Frameworks";
			runOnlyForDeploymentPostprocessing = 0;
		};
/* End PBXCopyFilesBuildPhase section */

/* Begin PBXFileReference section */
		FA711FCC2948F54F00A45998 /* KeychainPoC.app */ = {isa = PBXFileReference; explicitFileType = wrapper.application; includeInIndex = 0; path = KeychainPoC.app; sourceTree = BUILT_PRODUCTS_DIR; };
		FA711FCF2948F54F00A45998 /* KeychainPoCApp.swift */ = {isa = PBXFileReference; lastKnownFileType = sourcecode.swift; path = KeychainPoCApp.swift; sourceTree = "<group>"; };
		FA711FD12948F54F00A45998 /* ContentView.swift */ = {isa = PBXFileReference; lastKnownFileType = sourcecode.swift; path = ContentView.swift; sourceTree = "<group>"; };
		FA711FD32948F55000A45998 /* Assets.xcassets */ = {isa = PBXFileReference; lastKnownFileType = folder.assetcatalog; path = Assets.xcassets; sourceTree = "<group>"; };
		FA711FD62948F55000A45998 /* Preview Assets.xcassets */ = {isa = PBXFileReference; lastKnownFileType = folder.assetcatalog; path = "Preview Assets.xcassets"; sourceTree = "<group>"; };
		FA711FE42948F68A00A45998 /* Screen.swift */ = {isa = PBXFileReference; lastKnownFileType = sourcecode.swift; path = Screen.swift; sourceTree = "<group>"; };
		FA711FE62948F6B400A45998 /* ContentViewModel.swift */ = {isa = PBXFileReference; lastKnownFileType = sourcecode.swift; path = ContentViewModel.swift; sourceTree = "<group>"; };
		FA711FE92948F73E00A45998 /* PasswordsListView.swift */ = {isa = PBXFileReference; lastKnownFileType = sourcecode.swift; path = PasswordsListView.swift; sourceTree = "<group>"; };
		FA711FEC2948F75100A45998 /* PasswordsListViewModel.swift */ = {isa = PBXFileReference; lastKnownFileType = sourcecode.swift; path = PasswordsListViewModel.swift; sourceTree = "<group>"; };
		FA711FEE2948F8A400A45998 /* PasswordsListCellView.swift */ = {isa = PBXFileReference; lastKnownFileType = sourcecode.swift; path = PasswordsListCellView.swift; sourceTree = "<group>"; };
		FA711FF12948F90300A45998 /* PasswordView.swift */ = {isa = PBXFileReference; lastKnownFileType = sourcecode.swift; path = PasswordView.swift; sourceTree = "<group>"; };
		FA711FF32948F91B00A45998 /* PasswordViewModel.swift */ = {isa = PBXFileReference; lastKnownFileType = sourcecode.swift; path = PasswordViewModel.swift; sourceTree = "<group>"; };
		FA711FF62948FA6000A45998 /* CreatePasswordView.swift */ = {isa = PBXFileReference; lastKnownFileType = sourcecode.swift; path = CreatePasswordView.swift; sourceTree = "<group>"; };
		FA711FF82948FA7700A45998 /* CreatePasswordViewModel.swift */ = {isa = PBXFileReference; lastKnownFileType = sourcecode.swift; path = CreatePasswordViewModel.swift; sourceTree = "<group>"; };
/* End PBXFileReference section */

/* Begin PBXFrameworksBuildPhase section */
		FA711FC92948F54F00A45998 /* Frameworks */ = {
			isa = PBXFrameworksBuildPhase;
			buildActionMask = 2147483647;
			files = (
				FA711FDF2948F59E00A45998 /* Keychain in Frameworks */,
			);
			runOnlyForDeploymentPostprocessing = 0;
		};
/* End PBXFrameworksBuildPhase section */

/* Begin PBXGroup section */
		FA711FC32948F54F00A45998 = {
			isa = PBXGroup;
			children = (
				FA711FCE2948F54F00A45998 /* KeychainPoC */,
				FA711FCD2948F54F00A45998 /* Products */,
			);
			sourceTree = "<group>";
		};
		FA711FCD2948F54F00A45998 /* Products */ = {
			isa = PBXGroup;
			children = (
				FA711FCC2948F54F00A45998 /* KeychainPoC.app */,
			);
			name = Products;
			sourceTree = "<group>";
		};
		FA711FCE2948F54F00A45998 /* KeychainPoC */ = {
			isa = PBXGroup;
			children = (
				FA711FE02948F5B900A45998 /* Root */,
				FA711FE32948F67600A45998 /* Screens */,
				FA711FD32948F55000A45998 /* Assets.xcassets */,
				FA711FD52948F55000A45998 /* Preview Content */,
			);
			path = KeychainPoC;
			sourceTree = "<group>";
		};
		FA711FD52948F55000A45998 /* Preview Content */ = {
			isa = PBXGroup;
			children = (
				FA711FD62948F55000A45998 /* Preview Assets.xcassets */,
			);
			path = "Preview Content";
			sourceTree = "<group>";
		};
		FA711FE02948F5B900A45998 /* Root */ = {
			isa = PBXGroup;
			children = (
				FA711FCF2948F54F00A45998 /* KeychainPoCApp.swift */,
				FA711FD12948F54F00A45998 /* ContentView.swift */,
				FA711FE62948F6B400A45998 /* ContentViewModel.swift */,
			);
			path = Root;
			sourceTree = "<group>";
		};
		FA711FE32948F67600A45998 /* Screens */ = {
			isa = PBXGroup;
			children = (
				FA711FE82948F71E00A45998 /* Password */,
				FA711FE42948F68A00A45998 /* Screen.swift */,
			);
			path = Screens;
			sourceTree = "<group>";
		};
		FA711FE82948F71E00A45998 /* Password */ = {
			isa = PBXGroup;
			children = (
				FA711FF52948FA5300A45998 /* Create */,
				FA711FF02948F8F000A45998 /* Detail */,
				FA711FEB2948F74600A45998 /* List */,
			);
			path = Password;
			sourceTree = "<group>";
		};
		FA711FEB2948F74600A45998 /* List */ = {
			isa = PBXGroup;
			children = (
				FA711FE92948F73E00A45998 /* PasswordsListView.swift */,
				FA711FEC2948F75100A45998 /* PasswordsListViewModel.swift */,
				FA711FEE2948F8A400A45998 /* PasswordsListCellView.swift */,
			);
			path = List;
			sourceTree = "<group>";
		};
		FA711FF02948F8F000A45998 /* Detail */ = {
			isa = PBXGroup;
			children = (
				FA711FF12948F90300A45998 /* PasswordView.swift */,
				FA711FF32948F91B00A45998 /* PasswordViewModel.swift */,
			);
			path = Detail;
			sourceTree = "<group>";
		};
		FA711FF52948FA5300A45998 /* Create */ = {
			isa = PBXGroup;
			children = (
				FA711FF62948FA6000A45998 /* CreatePasswordView.swift */,
				FA711FF82948FA7700A45998 /* CreatePasswordViewModel.swift */,
			);
			path = Create;
			sourceTree = "<group>";
		};
/* End PBXGroup section */

/* Begin PBXNativeTarget section */
		FA711FCB2948F54F00A45998 /* KeychainPoC */ = {
			isa = PBXNativeTarget;
			buildConfigurationList = FA711FDA2948F55000A45998 /* Build configuration list for PBXNativeTarget "KeychainPoC" */;
			buildPhases = (
				FA711FC82948F54F00A45998 /* Sources */,
				FA711FC92948F54F00A45998 /* Frameworks */,
				FA711FCA2948F54F00A45998 /* Resources */,
				FA711FFB294900CE00A45998 /* Embed Frameworks */,
			);
			buildRules = (
			);
			dependencies = (
			);
			name = KeychainPoC;
			packageProductDependencies = (
				FA711FDE2948F59E00A45998 /* Keychain */,
			);
			productName = KeychainPoC;
			productReference = FA711FCC2948F54F00A45998 /* KeychainPoC.app */;
			productType = "com.apple.product-type.application";
		};
/* End PBXNativeTarget section */

/* Begin PBXProject section */
		FA711FC42948F54F00A45998 /* Project object */ = {
			isa = PBXProject;
			attributes = {
				BuildIndependentTargetsInParallel = 1;
				LastSwiftUpdateCheck = 1410;
				LastUpgradeCheck = 1410;
				TargetAttributes = {
					FA711FCB2948F54F00A45998 = {
						CreatedOnToolsVersion = 14.1;
					};
				};
			};
			buildConfigurationList = FA711FC72948F54F00A45998 /* Build configuration list for PBXProject "KeychainPoC" */;
			compatibilityVersion = "Xcode 14.0";
			developmentRegion = en;
			hasScannedForEncodings = 0;
			knownRegions = (
				en,
				Base,
			);
			mainGroup = FA711FC32948F54F00A45998;
			packageReferences = (
				FA711FDD2948F59E00A45998 /* XCRemoteSwiftPackageReference "Keychain" */,
			);
			productRefGroup = FA711FCD2948F54F00A45998 /* Products */;
			projectDirPath = "";
			projectRoot = "";
			targets = (
				FA711FCB2948F54F00A45998 /* KeychainPoC */,
			);
		};
/* End PBXProject section */

/* Begin PBXResourcesBuildPhase section */
		FA711FCA2948F54F00A45998 /* Resources */ = {
			isa = PBXResourcesBuildPhase;
			buildActionMask = 2147483647;
			files = (
				FA711FD72948F55000A45998 /* Preview Assets.xcassets in Resources */,
				FA711FD42948F55000A45998 /* Assets.xcassets in Resources */,
			);
			runOnlyForDeploymentPostprocessing = 0;
		};
/* End PBXResourcesBuildPhase section */

/* Begin PBXSourcesBuildPhase section */
		FA711FC82948F54F00A45998 /* Sources */ = {
			isa = PBXSourcesBuildPhase;
			buildActionMask = 2147483647;
			files = (
				FA711FE72948F6B400A45998 /* ContentViewModel.swift in Sources */,
				FA711FF42948F91B00A45998 /* PasswordViewModel.swift in Sources */,
				FA711FD22948F54F00A45998 /* ContentView.swift in Sources */,
				FA711FEA2948F73E00A45998 /* PasswordsListView.swift in Sources */,
				FA711FF22948F90300A45998 /* PasswordView.swift in Sources */,
				FA711FEF2948F8A400A45998 /* PasswordsListCellView.swift in Sources */,
				FA711FF92948FA7700A45998 /* CreatePasswordViewModel.swift in Sources */,
				FA711FD02948F54F00A45998 /* KeychainPoCApp.swift in Sources */,
				FA711FF72948FA6000A45998 /* CreatePasswordView.swift in Sources */,
				FA711FE52948F68A00A45998 /* Screen.swift in Sources */,
				FA711FED2948F75100A45998 /* PasswordsListViewModel.swift in Sources */,
			);
			runOnlyForDeploymentPostprocessing = 0;
		};
/* End PBXSourcesBuildPhase section */

/* Begin XCBuildConfiguration section */
		FA711FD82948F55000A45998 /* Debug */ = {
			isa = XCBuildConfiguration;
			buildSettings = {
				ALWAYS_SEARCH_USER_PATHS = NO;
				CLANG_ANALYZER_NONNULL = YES;
				CLANG_ANALYZER_NUMBER_OBJECT_CONVERSION = YES_AGGRESSIVE;
				CLANG_CXX_LANGUAGE_STANDARD = "gnu++20";
				CLANG_ENABLE_MODULES = YES;
				CLANG_ENABLE_OBJC_ARC = YES;
				CLANG_ENABLE_OBJC_WEAK = YES;
				CLANG_WARN_BLOCK_CAPTURE_AUTORELEASING = YES;
				CLANG_WARN_BOOL_CONVERSION = YES;
				CLANG_WARN_COMMA = YES;
				CLANG_WARN_CONSTANT_CONVERSION = YES;
				CLANG_WARN_DEPRECATED_OBJC_IMPLEMENTATIONS = YES;
				CLANG_WARN_DIRECT_OBJC_ISA_USAGE = YES_ERROR;
				CLANG_WARN_DOCUMENTATION_COMMENTS = YES;
				CLANG_WARN_EMPTY_BODY = YES;
				CLANG_WARN_ENUM_CONVERSION = YES;
				CLANG_WARN_INFINITE_RECURSION = YES;
				CLANG_WARN_INT_CONVERSION = YES;
				CLANG_WARN_NON_LITERAL_NULL_CONVERSION = YES;
				CLANG_WARN_OBJC_IMPLICIT_RETAIN_SELF = YES;
				CLANG_WARN_OBJC_LITERAL_CONVERSION = YES;
				CLANG_WARN_OBJC_ROOT_CLASS = YES_ERROR;
				CLANG_WARN_QUOTED_INCLUDE_IN_FRAMEWORK_HEADER = YES;
				CLANG_WARN_RANGE_LOOP_ANALYSIS = YES;
				CLANG_WARN_STRICT_PROTOTYPES = YES;
				CLANG_WARN_SUSPICIOUS_MOVE = YES;
				CLANG_WARN_UNGUARDED_AVAILABILITY = YES_AGGRESSIVE;
				CLANG_WARN_UNREACHABLE_CODE = YES;
				CLANG_WARN__DUPLICATE_METHOD_MATCH = YES;
				COPY_PHASE_STRIP = NO;
				DEBUG_INFORMATION_FORMAT = dwarf;
				ENABLE_STRICT_OBJC_MSGSEND = YES;
				ENABLE_TESTABILITY = YES;
				GCC_C_LANGUAGE_STANDARD = gnu11;
				GCC_DYNAMIC_NO_PIC = NO;
				GCC_NO_COMMON_BLOCKS = YES;
				GCC_OPTIMIZATION_LEVEL = 0;
				GCC_PREPROCESSOR_DEFINITIONS = (
					"DEBUG=1",
					"$(inherited)",
				);
				GCC_WARN_64_TO_32_BIT_CONVERSION = YES;
				GCC_WARN_ABOUT_RETURN_TYPE = YES_ERROR;
				GCC_WARN_UNDECLARED_SELECTOR = YES;
				GCC_WARN_UNINITIALIZED_AUTOS = YES_AGGRESSIVE;
				GCC_WARN_UNUSED_FUNCTION = YES;
				GCC_WARN_UNUSED_VARIABLE = YES;
				IPHONEOS_DEPLOYMENT_TARGET = 16.1;
				MTL_ENABLE_DEBUG_INFO = INCLUDE_SOURCE;
				MTL_FAST_MATH = YES;
				ONLY_ACTIVE_ARCH = YES;
				SDKROOT = iphoneos;
				SWIFT_ACTIVE_COMPILATION_CONDITIONS = DEBUG;
				SWIFT_OPTIMIZATION_LEVEL = "-Onone";
			};
			name = Debug;
		};
		FA711FD92948F55000A45998 /* Release */ = {
			isa = XCBuildConfiguration;
			buildSettings = {
				ALWAYS_SEARCH_USER_PATHS = NO;
				CLANG_ANALYZER_NONNULL = YES;
				CLANG_ANALYZER_NUMBER_OBJECT_CONVERSION = YES_AGGRESSIVE;
				CLANG_CXX_LANGUAGE_STANDARD = "gnu++20";
				CLANG_ENABLE_MODULES = YES;
				CLANG_ENABLE_OBJC_ARC = YES;
				CLANG_ENABLE_OBJC_WEAK = YES;
				CLANG_WARN_BLOCK_CAPTURE_AUTORELEASING = YES;
				CLANG_WARN_BOOL_CONVERSION = YES;
				CLANG_WARN_COMMA = YES;
				CLANG_WARN_CONSTANT_CONVERSION = YES;
				CLANG_WARN_DEPRECATED_OBJC_IMPLEMENTATIONS = YES;
				CLANG_WARN_DIRECT_OBJC_ISA_USAGE = YES_ERROR;
				CLANG_WARN_DOCUMENTATION_COMMENTS = YES;
				CLANG_WARN_EMPTY_BODY = YES;
				CLANG_WARN_ENUM_CONVERSION = YES;
				CLANG_WARN_INFINITE_RECURSION = YES;
				CLANG_WARN_INT_CONVERSION = YES;
				CLANG_WARN_NON_LITERAL_NULL_CONVERSION = YES;
				CLANG_WARN_OBJC_IMPLICIT_RETAIN_SELF = YES;
				CLANG_WARN_OBJC_LITERAL_CONVERSION = YES;
				CLANG_WARN_OBJC_ROOT_CLASS = YES_ERROR;
				CLANG_WARN_QUOTED_INCLUDE_IN_FRAMEWORK_HEADER = YES;
				CLANG_WARN_RANGE_LOOP_ANALYSIS = YES;
				CLANG_WARN_STRICT_PROTOTYPES = YES;
				CLANG_WARN_SUSPICIOUS_MOVE = YES;
				CLANG_WARN_UNGUARDED_AVAILABILITY = YES_AGGRESSIVE;
				CLANG_WARN_UNREACHABLE_CODE = YES;
				CLANG_WARN__DUPLICATE_METHOD_MATCH = YES;
				COPY_PHASE_STRIP = NO;
				DEBUG_INFORMATION_FORMAT = "dwarf-with-dsym";
				ENABLE_NS_ASSERTIONS = NO;
				ENABLE_STRICT_OBJC_MSGSEND = YES;
				GCC_C_LANGUAGE_STANDARD = gnu11;
				GCC_NO_COMMON_BLOCKS = YES;
				GCC_WARN_64_TO_32_BIT_CONVERSION = YES;
				GCC_WARN_ABOUT_RETURN_TYPE = YES_ERROR;
				GCC_WARN_UNDECLARED_SELECTOR = YES;
				GCC_WARN_UNINITIALIZED_AUTOS = YES_AGGRESSIVE;
				GCC_WARN_UNUSED_FUNCTION = YES;
				GCC_WARN_UNUSED_VARIABLE = YES;
				IPHONEOS_DEPLOYMENT_TARGET = 16.1;
				MTL_ENABLE_DEBUG_INFO = NO;
				MTL_FAST_MATH = YES;
				SDKROOT = iphoneos;
				SWIFT_COMPILATION_MODE = wholemodule;
				SWIFT_OPTIMIZATION_LEVEL = "-O";
				VALIDATE_PRODUCT = YES;
			};
			name = Release;
		};
		FA711FDB2948F55000A45998 /* Debug */ = {
			isa = XCBuildConfiguration;
			buildSettings = {
				ASSETCATALOG_COMPILER_APPICON_NAME = AppIcon;
				ASSETCATALOG_COMPILER_GLOBAL_ACCENT_COLOR_NAME = AccentColor;
				CODE_SIGN_STYLE = Automatic;
				CURRENT_PROJECT_VERSION = 1;
				DEVELOPMENT_ASSET_PATHS = "\"KeychainPoC/Preview Content\"";
				DEVELOPMENT_TEAM = X7GLF7Z6BV;
				ENABLE_PREVIEWS = YES;
				GENERATE_INFOPLIST_FILE = YES;
				INFOPLIST_KEY_UIApplicationSceneManifest_Generation = YES;
				INFOPLIST_KEY_UIApplicationSupportsIndirectInputEvents = YES;
				INFOPLIST_KEY_UILaunchScreen_Generation = YES;
				INFOPLIST_KEY_UISupportedInterfaceOrientations_iPad = "UIInterfaceOrientationPortrait UIInterfaceOrientationPortraitUpsideDown UIInterfaceOrientationLandscapeLeft UIInterfaceOrientationLandscapeRight";
				INFOPLIST_KEY_UISupportedInterfaceOrientations_iPhone = "UIInterfaceOrientationPortrait UIInterfaceOrientationLandscapeLeft UIInterfaceOrientationLandscapeRight";
				LD_RUNPATH_SEARCH_PATHS = (
					"$(inherited)",
					"@executable_path/Frameworks",
				);
				MARKETING_VERSION = 1.0;
				PRODUCT_BUNDLE_IDENTIFIER = com.mikhaildudarev.KeychainPoC;
				PRODUCT_NAME = "$(TARGET_NAME)";
				SWIFT_EMIT_LOC_STRINGS = YES;
				SWIFT_VERSION = 5.0;
				TARGETED_DEVICE_FAMILY = "1,2";
			};
			name = Debug;
		};
		FA711FDC2948F55000A45998 /* Release */ = {
			isa = XCBuildConfiguration;
			buildSettings = {
				ASSETCATALOG_COMPILER_APPICON_NAME = AppIcon;
				ASSETCATALOG_COMPILER_GLOBAL_ACCENT_COLOR_NAME = AccentColor;
				CODE_SIGN_STYLE = Automatic;
				CURRENT_PROJECT_VERSION = 1;
				DEVELOPMENT_ASSET_PATHS = "\"KeychainPoC/Preview Content\"";
				DEVELOPMENT_TEAM = X7GLF7Z6BV;
				ENABLE_PREVIEWS = YES;
				GENERATE_INFOPLIST_FILE = YES;
				INFOPLIST_KEY_UIApplicationSceneManifest_Generation = YES;
				INFOPLIST_KEY_UIApplicationSupportsIndirectInputEvents = YES;
				INFOPLIST_KEY_UILaunchScreen_Generation = YES;
				INFOPLIST_KEY_UISupportedInterfaceOrientations_iPad = "UIInterfaceOrientationPortrait UIInterfaceOrientationPortraitUpsideDown UIInterfaceOrientationLandscapeLeft UIInterfaceOrientationLandscapeRight";
				INFOPLIST_KEY_UISupportedInterfaceOrientations_iPhone = "UIInterfaceOrientationPortrait UIInterfaceOrientationLandscapeLeft UIInterfaceOrientationLandscapeRight";
				LD_RUNPATH_SEARCH_PATHS = (
					"$(inherited)",
					"@executable_path/Frameworks",
				);
				MARKETING_VERSION = 1.0;
				PRODUCT_BUNDLE_IDENTIFIER = com.mikhaildudarev.KeychainPoC;
				PRODUCT_NAME = "$(TARGET_NAME)";
				SWIFT_EMIT_LOC_STRINGS = YES;
				SWIFT_VERSION = 5.0;
				TARGETED_DEVICE_FAMILY = "1,2";
			};
			name = Release;
		};
/* End XCBuildConfiguration section */

/* Begin XCConfigurationList section */
		FA711FC72948F54F00A45998 /* Build configuration list for PBXProject "KeychainPoC" */ = {
			isa = XCConfigurationList;
			buildConfigurations = (
				FA711FD82948F55000A45998 /* Debug */,
				FA711FD92948F55000A45998 /* Release */,
			);
			defaultConfigurationIsVisible = 0;
			defaultConfigurationName = Release;
		};
		FA711FDA2948F55000A45998 /* Build configuration list for PBXNativeTarget "KeychainPoC" */ = {
			isa = XCConfigurationList;
			buildConfigurations = (
				FA711FDB2948F55000A45998 /* Debug */,
				FA711FDC2948F55000A45998 /* Release */,
			);
			defaultConfigurationIsVisible = 0;
			defaultConfigurationName = Release;
		};
/* End XCConfigurationList section */

/* Begin XCRemoteSwiftPackageReference section */
		FA711FDD2948F59E00A45998 /* XCRemoteSwiftPackageReference "Keychain" */ = {
			isa = XCRemoteSwiftPackageReference;
			repositoryURL = "https://github.com/mikhaildudarev/Keychain";
			requirement = {
				branch = develop;
				kind = branch;
			};
		};
/* End XCRemoteSwiftPackageReference section */

/* Begin XCSwiftPackageProductDependency section */
		FA711FDE2948F59E00A45998 /* Keychain */ = {
			isa = XCSwiftPackageProductDependency;
			package = FA711FDD2948F59E00A45998 /* XCRemoteSwiftPackageReference "Keychain" */;
			productName = Keychain;
		};
/* End XCSwiftPackageProductDependency section */
	};
	rootObject = FA711FC42948F54F00A45998 /* Project object */;
}
