{
  "pins" : [
    {
      "identity" : "keychain",
      "kind" : "remoteSourceControl",
      "location" : "https://github.com/mikhaildudarev/Keychain",
      "state" : {
        "branch" : "develop",
        "revision" : "ef0b22a3fa8703a50af72af82d172db61cdc876d"
      }
    },
    {
      "identity" : "samkeychain",
      "kind" : "remoteSourceControl",
      "location" : "https://github.com/mikhaildudarev/SAMKeychain",
      "state" : {
        "branch" : "master",
        "revision" : "c917f4009b84888ae7ed24af1496772fa6a719a1"
      }
    }
  ],
  "version" : 2
}
