{
  "pins" : [
    {
      "identity" : "keychain",
      "kind" : "remoteSourceControl",
      "location" : "https://github.com/mikhaildudarev/Keychain",
      "state" : {
        "branch" : "master",
        "revision" : "3253e38f6e41bf0756a5d78760b8b26fab689129"
      }
    },
    {
      "identity" : "samkeychain",
      "kind" : "remoteSourceControl",
      "location" : "https://github.com/mikhaildudarev/SAMKeychain",
      "state" : {
        "branch" : "master",
        "revision" : "c917f4009b84888ae7ed24af1496772fa6a719a1"
      }
    }
  ],
  "version" : 2
}
